<?xml version="1.0" encoding="utf-8"?>
<Project ToolsVersion="4.0" xmlns="http://schemas.microsoft.com/developer/msbuild/2003">
  <ItemGroup>
    <Filter Include="Source Files">
      <UniqueIdentifier>{4FC737F1-C7A5-4376-A066-2A32D752A2FF}</UniqueIdentifier>
      <Extensions>cpp;c;cc;cxx;def;odl;idl;hpj;bat;asm;asmx</Extensions>
    </Filter>
    <Filter Include="Header Files">
      <UniqueIdentifier>{93995380-89BD-4b04-88EB-625FBE52EBFB}</UniqueIdentifier>
      <Extensions>h;hpp;hxx;hm;inl;inc;xsd</Extensions>
    </Filter>
    <Filter Include="Resource Files">
      <UniqueIdentifier>{67DA6AB6-F800-4c08-8B7A-83BB121AAD01}</UniqueIdentifier>
      <Extensions>rc;ico;cur;bmp;dlg;rc2;rct;bin;rgs;gif;jpg;jpeg;jpe;resx;tiff;tif;png;wav;mfcribbon-ms</Extensions>
    </Filter>
    <Filter Include="Source Files\ProblemasEvaluables">
      <UniqueIdentifier>{fd39cb1d-6eb9-4e3e-822e-9eb60fcd0c5a}</UniqueIdentifier>
    </Filter>
    <Filter Include="Images">
      <UniqueIdentifier>{1aed16c2-c06a-408a-a05a-dd4094d8b0aa}</UniqueIdentifier>
    </Filter>
  </ItemGroup>
  <ItemGroup>
    <ClCompile Include="Global.cpp">
      <Filter>Source Files</Filter>
    </ClCompile>
    <ClCompile Include="ProblemasEvaluables\dft.cpp">
      <Filter>Source Files\ProblemasEvaluables</Filter>
    </ClCompile>
    <ClCompile Include="ProblemasEvaluables\Ejercicio1.cpp">
      <Filter>Source Files\ProblemasEvaluables</Filter>
    </ClCompile>
    <ClCompile Include="ProblemasEvaluables\Ejercicio2.cpp">
      <Filter>Source Files\ProblemasEvaluables</Filter>
    </ClCompile>
    <ClCompile Include="ProblemasEvaluables\Ejercicio4.cpp">
      <Filter>Source Files\ProblemasEvaluables</Filter>
    </ClCompile>
    <ClCompile Include="ProblemasEvaluables\Ejercicio5.cpp">
      <Filter>Source Files\ProblemasEvaluables</Filter>
    </ClCompile>
  </ItemGroup>
  <ItemGroup>
    <ClInclude Include="Header Files\Ejecicio5.h">
      <Filter>Header Files</Filter>
    </ClInclude>
    <ClInclude Include="Header Files\Global.h">
      <Filter>Header Files</Filter>
    </ClInclude>
  </ItemGroup>
  <ItemGroup>
    <None Include="Images\lineas5.tif">
      <Filter>Images</Filter>
    </None>
  </ItemGroup>
</Project>